
Microsoft Visual Studio Solution File, Format Version 12.00
# Visual Studio Version 16
VisualStudioVersion = 16.0.30611.23
MinimumVisualStudioVersion = 10.0.40219.1
Project("{FAE04EC0-301F-11D3-BF4B-00C04F79EFBC}") = "Week7", "Week7.csproj", "{B5FE7E2B-88F5-4518-9072-909A4836E864}"
EndProject
Global
	GlobalSection(SolutionConfigurationPlatforms) = preSolution
		Debug|Any CPU = Debug|Any CPU
		Release|Any CPU = Release|Any CPU
	EndGlobalSection
	GlobalSection(ProjectConfigurationPlatforms) = postSolution
		{B5FE7E2B-88F5-4518-9072-909A4836E864}.Debug|Any CPU.ActiveCfg = Debug|Any CPU
		{B5FE7E2B-88F5-4518-9072-909A4836E864}.Debug|Any CPU.Build.0 = Debug|Any CPU
		{B5FE7E2B-88F5-4518-9072-909A4836E864}.Release|Any CPU.ActiveCfg = Release|Any CPU
		{B5FE7E2B-88F5-4518-9072-909A4836E864}.Release|Any CPU.Build.0 = Release|Any CPU
	EndGlobalSection
	GlobalSection(SolutionProperties) = preSolution
		HideSolutionNode = FALSE
	EndGlobalSection
	GlobalSection(ExtensibilityGlobals) = postSolution
		SolutionGuid = {5ADE06CF-1305-4F3B-9DA4-FC1ED3C0A9CA}
	EndGlobalSection
EndGlobal
