
Microsoft Visual Studio Solution File, Format Version 12.00
# Visual Studio Version 16
VisualStudioVersion = 16.0.30611.23
MinimumVisualStudioVersion = 10.0.40219.1
Project("{FAE04EC0-301F-11D3-BF4B-00C04F79EFBC}") = "BooleanIdentity", "BooleanIdentity.csproj", "{4992051C-06BB-43EB-9205-01E3F77860BB}"
EndProject
Project("{FAE04EC0-301F-11D3-BF4B-00C04F79EFBC}") = "PartA", "..\PartA\PartA.csproj", "{2832DD64-352A-4973-AA29-A45799139D44}"
EndProject
Global
	GlobalSection(SolutionConfigurationPlatforms) = preSolution
		Debug|Any CPU = Debug|Any CPU
		Release|Any CPU = Release|Any CPU
	EndGlobalSection
	GlobalSection(ProjectConfigurationPlatforms) = postSolution
		{4992051C-06BB-43EB-9205-01E3F77860BB}.Debug|Any CPU.ActiveCfg = Debug|Any CPU
		{4992051C-06BB-43EB-9205-01E3F77860BB}.Debug|Any CPU.Build.0 = Debug|Any CPU
		{4992051C-06BB-43EB-9205-01E3F77860BB}.Release|Any CPU.ActiveCfg = Release|Any CPU
		{4992051C-06BB-43EB-9205-01E3F77860BB}.Release|Any CPU.Build.0 = Release|Any CPU
		{2832DD64-352A-4973-AA29-A45799139D44}.Debug|Any CPU.ActiveCfg = Debug|Any CPU
		{2832DD64-352A-4973-AA29-A45799139D44}.Debug|Any CPU.Build.0 = Debug|Any CPU
		{2832DD64-352A-4973-AA29-A45799139D44}.Release|Any CPU.ActiveCfg = Release|Any CPU
		{2832DD64-352A-4973-AA29-A45799139D44}.Release|Any CPU.Build.0 = Release|Any CPU
	EndGlobalSection
	GlobalSection(SolutionProperties) = preSolution
		HideSolutionNode = FALSE
	EndGlobalSection
	GlobalSection(ExtensibilityGlobals) = postSolution
		SolutionGuid = {01A5CBA9-E7DE-4EF8-9E80-7B8B574E14F3}
	EndGlobalSection
EndGlobal
