
Microsoft Visual Studio Solution File, Format Version 12.00
# Visual Studio Version 16
VisualStudioVersion = 16.0.30611.23
MinimumVisualStudioVersion = 10.0.40219.1
Project("{FAE04EC0-301F-11D3-BF4B-00C04F79EFBC}") = "Week1_DecimalNumbers", "Week1_DecimalNumbers.csproj", "{62A48131-B463-4551-AF71-EE7198080F09}"
EndProject
Global
	GlobalSection(SolutionConfigurationPlatforms) = preSolution
		Debug|Any CPU = Debug|Any CPU
		Release|Any CPU = Release|Any CPU
	EndGlobalSection
	GlobalSection(ProjectConfigurationPlatforms) = postSolution
		{62A48131-B463-4551-AF71-EE7198080F09}.Debug|Any CPU.ActiveCfg = Debug|Any CPU
		{62A48131-B463-4551-AF71-EE7198080F09}.Debug|Any CPU.Build.0 = Debug|Any CPU
		{62A48131-B463-4551-AF71-EE7198080F09}.Release|Any CPU.ActiveCfg = Release|Any CPU
		{62A48131-B463-4551-AF71-EE7198080F09}.Release|Any CPU.Build.0 = Release|Any CPU
	EndGlobalSection
	GlobalSection(SolutionProperties) = preSolution
		HideSolutionNode = FALSE
	EndGlobalSection
	GlobalSection(ExtensibilityGlobals) = postSolution
		SolutionGuid = {39314D25-5718-441C-A401-051402614252}
	EndGlobalSection
EndGlobal
