
Microsoft Visual Studio Solution File, Format Version 12.00
# Visual Studio Version 16
VisualStudioVersion = 16.0.30611.23
MinimumVisualStudioVersion = 10.0.40219.1
Project("{FAE04EC0-301F-11D3-BF4B-00C04F79EFBC}") = "Week4", "Week4.csproj", "{98B09935-C0F3-43FA-89D5-37EE4C8EC790}"
EndProject
Project("{FAE04EC0-301F-11D3-BF4B-00C04F79EFBC}") = "Week4Game", "Week4Game\Week4Game.csproj", "{BA4D5833-E455-4823-97E2-8767D255846B}"
EndProject
Global
	GlobalSection(SolutionConfigurationPlatforms) = preSolution
		Debug|Any CPU = Debug|Any CPU
		Release|Any CPU = Release|Any CPU
	EndGlobalSection
	GlobalSection(ProjectConfigurationPlatforms) = postSolution
		{98B09935-C0F3-43FA-89D5-37EE4C8EC790}.Debug|Any CPU.ActiveCfg = Debug|Any CPU
		{98B09935-C0F3-43FA-89D5-37EE4C8EC790}.Debug|Any CPU.Build.0 = Debug|Any CPU
		{98B09935-C0F3-43FA-89D5-37EE4C8EC790}.Release|Any CPU.ActiveCfg = Release|Any CPU
		{98B09935-C0F3-43FA-89D5-37EE4C8EC790}.Release|Any CPU.Build.0 = Release|Any CPU
		{BA4D5833-E455-4823-97E2-8767D255846B}.Debug|Any CPU.ActiveCfg = Debug|Any CPU
		{BA4D5833-E455-4823-97E2-8767D255846B}.Debug|Any CPU.Build.0 = Debug|Any CPU
		{BA4D5833-E455-4823-97E2-8767D255846B}.Release|Any CPU.ActiveCfg = Release|Any CPU
		{BA4D5833-E455-4823-97E2-8767D255846B}.Release|Any CPU.Build.0 = Release|Any CPU
	EndGlobalSection
	GlobalSection(SolutionProperties) = preSolution
		HideSolutionNode = FALSE
	EndGlobalSection
	GlobalSection(ExtensibilityGlobals) = postSolution
		SolutionGuid = {A91EF9DF-351D-493F-B89F-88C200B238EF}
	EndGlobalSection
EndGlobal
